
Microsoft Visual Studio Solution File, Format Version 12.00
# Visual Studio Version 17
VisualStudioVersion = 17.5.33414.496
MinimumVisualStudioVersion = 10.0.40219.1
Project("{8BC9CEB8-8B4A-11D0-8D11-00A0C91BC942}") = "vector", "vector\vector.vcxproj", "{9AEF8F83-D458-4A80-8AEA-5C4C49619DE5}"
EndProject
Global
	GlobalSection(SolutionConfigurationPlatforms) = preSolution
		Debug|x64 = Debug|x64
		Debug|x86 = Debug|x86
		Release|x64 = Release|x64
		Release|x86 = Release|x86
	EndGlobalSection
	GlobalSection(ProjectConfigurationPlatforms) = postSolution
		{9AEF8F83-D458-4A80-8AEA-5C4C49619DE5}.Debug|x64.ActiveCfg = Debug|x64
		{9AEF8F83-D458-4A80-8AEA-5C4C49619DE5}.Debug|x64.Build.0 = Debug|x64
		{9AEF8F83-D458-4A80-8AEA-5C4C49619DE5}.Debug|x86.ActiveCfg = Debug|Win32
		{9AEF8F83-D458-4A80-8AEA-5C4C49619DE5}.Debug|x86.Build.0 = Debug|Win32
		{9AEF8F83-D458-4A80-8AEA-5C4C49619DE5}.Release|x64.ActiveCfg = Release|x64
		{9AEF8F83-D458-4A80-8AEA-5C4C49619DE5}.Release|x64.Build.0 = Release|x64
		{9AEF8F83-D458-4A80-8AEA-5C4C49619DE5}.Release|x86.ActiveCfg = Release|Win32
		{9AEF8F83-D458-4A80-8AEA-5C4C49619DE5}.Release|x86.Build.0 = Release|Win32
	EndGlobalSection
	GlobalSection(SolutionProperties) = preSolution
		HideSolutionNode = FALSE
	EndGlobalSection
	GlobalSection(ExtensibilityGlobals) = postSolution
		SolutionGuid = {EDDBAF3B-ECC1-4B97-9F3E-D7BB404E4FFB}
	EndGlobalSection
EndGlobal
